<?xml version="1.0" encoding="utf-8"?>
<Project ToolsVersion="4.0" xmlns="http://schemas.microsoft.com/developer/msbuild/2003">
  <ItemGroup>
    <Filter Include="Source Files">
      <UniqueIdentifier>{4FC737F1-C7A5-4376-A066-2A32D752A2FF}</UniqueIdentifier>
      <Extensions>cpp;c;cc;cxx;def;odl;idl;hpj;bat;asm;asmx</Extensions>
    </Filter>
    <Filter Include="Header Files">
      <UniqueIdentifier>{93995380-89BD-4b04-88EB-625FBE52EBFB}</UniqueIdentifier>
      <Extensions>h;hpp;hxx;hm;inl;inc;xsd</Extensions>
    </Filter>
    <Filter Include="Resource Files">
      <UniqueIdentifier>{67DA6AB6-F800-4c08-8B7A-83BB121AAD01}</UniqueIdentifier>
      <Extensions>rc;ico;cur;bmp;dlg;rc2;rct;bin;rgs;gif;jpg;jpeg;jpe;resx;tiff;tif;png;wav;mfcribbon-ms</Extensions>
    </Filter>
    <Filter Include="Source Files\Data">
      <UniqueIdentifier>{10653c5b-d050-4728-b3a4-b2753199d57e}</UniqueIdentifier>
    </Filter>
    <Filter Include="Header Files\Data">
      <UniqueIdentifier>{914c9049-41e8-43e7-9f87-6cd84c002231}</UniqueIdentifier>
    </Filter>
    <Filter Include="Resource Files\bin">
      <UniqueIdentifier>{12efd9e9-9d5f-4ab3-9899-42c998ae6a8a}</UniqueIdentifier>
    </Filter>
    <Filter Include="Resource Files\bin\sfx">
      <UniqueIdentifier>{b8d84408-4945-45b1-b374-e1cc9add3d88}</UniqueIdentifier>
    </Filter>
    <Filter Include="Resource Files\bin\gfx">
      <UniqueIdentifier>{60c0251c-180d-4fbf-ad96-db99aa981d44}</UniqueIdentifier>
    </Filter>
  </ItemGroup>
  <ItemGroup>
    <ClCompile Include="Main.cpp">
      <Filter>Source Files</Filter>
    </ClCompile>
    <ClCompile Include="Video.cpp">
      <Filter>Source Files</Filter>
    </ClCompile>
    <ClCompile Include="Input.cpp">
      <Filter>Source Files</Filter>
    </ClCompile>
    <ClCompile Include="Audio.cpp">
      <Filter>Source Files</Filter>
    </ClCompile>
    <ClCompile Include="Calculations.cpp">
      <Filter>Source Files</Filter>
    </ClCompile>
    <ClCompile Include="DataStore.cpp">
      <Filter>Source Files\Data</Filter>
    </ClCompile>
    <ClCompile Include="Settings.cpp">
      <Filter>Source Files\Data</Filter>
    </ClCompile>
    <ClCompile Include="Physics.cpp">
      <Filter>Source Files\Data</Filter>
    </ClCompile>
  </ItemGroup>
  <ItemGroup>
    <ClInclude Include="Video.h">
      <Filter>Header Files</Filter>
    </ClInclude>
    <ClInclude Include="Input.h">
      <Filter>Header Files</Filter>
    </ClInclude>
    <ClInclude Include="Audio.h">
      <Filter>Header Files</Filter>
    </ClInclude>
    <ClInclude Include="Calculations.h">
      <Filter>Header Files</Filter>
    </ClInclude>
    <ClInclude Include="DataStore.h">
      <Filter>Header Files\Data</Filter>
    </ClInclude>
    <ClInclude Include="Settings.h">
      <Filter>Header Files\Data</Filter>
    </ClInclude>
    <ClInclude Include="Physics.h">
      <Filter>Header Files\Data</Filter>
    </ClInclude>
  </ItemGroup>
  <ItemGroup>
    <None Include="bin\gfx\arial.ttf">
      <Filter>Resource Files\bin\gfx</Filter>
    </None>
    <None Include="bin\sfx\shoot.wav">
      <Filter>Resource Files\bin\sfx</Filter>
    </None>
    <None Include="bin\sfx\death.wav">
      <Filter>Resource Files\bin\sfx</Filter>
    </None>
    <None Include="bin\sfx\explosion.wav">
      <Filter>Resource Files\bin\sfx</Filter>
    </None>
  </ItemGroup>
</Project>